
Microsoft Visual Studio Solution File, Format Version 12.00
# Visual Studio Version 16
VisualStudioVersion = 16.0.31424.327
MinimumVisualStudioVersion = 10.0.40219.1
Project("{FAE04EC0-301F-11D3-BF4B-00C04F79EFBC}") = "UserMaintance", "UserMaintance\UserMaintance.csproj", "{59323DFF-39DF-4B05-9036-95B8D5A7C4EC}"
EndProject
Global
	GlobalSection(SolutionConfigurationPlatforms) = preSolution
		Debug|Any CPU = Debug|Any CPU
		Release|Any CPU = Release|Any CPU
	EndGlobalSection
	GlobalSection(ProjectConfigurationPlatforms) = postSolution
		{59323DFF-39DF-4B05-9036-95B8D5A7C4EC}.Debug|Any CPU.ActiveCfg = Debug|Any CPU
		{59323DFF-39DF-4B05-9036-95B8D5A7C4EC}.Debug|Any CPU.Build.0 = Debug|Any CPU
		{59323DFF-39DF-4B05-9036-95B8D5A7C4EC}.Release|Any CPU.ActiveCfg = Release|Any CPU
		{59323DFF-39DF-4B05-9036-95B8D5A7C4EC}.Release|Any CPU.Build.0 = Release|Any CPU
	EndGlobalSection
	GlobalSection(SolutionProperties) = preSolution
		HideSolutionNode = FALSE
	EndGlobalSection
	GlobalSection(ExtensibilityGlobals) = postSolution
		SolutionGuid = {162A742F-C8E2-4982-B235-2B8B508100CC}
	EndGlobalSection
EndGlobal
